
Microsoft Visual Studio Solution File, Format Version 12.00
# Visual Studio 15
VisualStudioVersion = 15.0.26430.15
MinimumVisualStudioVersion = 10.0.40219.1
Project("{9A19103F-16F7-4668-BE54-9A1E7A4F7556}") = "ContactsList", "ContactsList.csproj", "{6BB90A74-77C3-4ADD-BAC5-E00164B6F874}"
EndProject
Project("{9A19103F-16F7-4668-BE54-9A1E7A4F7556}") = "ApiClientGenerator", "..\ApiClientGenerator\ApiClientGenerator.csproj", "{E72AF89F-09A0-4E7E-A521-84F58F593C89}"
EndProject
Project("{9A19103F-16F7-4668-BE54-9A1E7A4F7556}") = "Tests", "..\Tests\Tests.csproj", "{2FACAC73-8D16-4BE5-9056-C67B964F3FD0}"
EndProject
Global
	GlobalSection(SolutionConfigurationPlatforms) = preSolution
		Debug|Any CPU = Debug|Any CPU
		Release|Any CPU = Release|Any CPU
	EndGlobalSection
	GlobalSection(ProjectConfigurationPlatforms) = postSolution
		{6BB90A74-77C3-4ADD-BAC5-E00164B6F874}.Debug|Any CPU.ActiveCfg = Debug|Any CPU
		{6BB90A74-77C3-4ADD-BAC5-E00164B6F874}.Debug|Any CPU.Build.0 = Debug|Any CPU
		{6BB90A74-77C3-4ADD-BAC5-E00164B6F874}.Release|Any CPU.ActiveCfg = Release|Any CPU
		{6BB90A74-77C3-4ADD-BAC5-E00164B6F874}.Release|Any CPU.Build.0 = Release|Any CPU
		{E72AF89F-09A0-4E7E-A521-84F58F593C89}.Debug|Any CPU.ActiveCfg = Debug|Any CPU
		{E72AF89F-09A0-4E7E-A521-84F58F593C89}.Debug|Any CPU.Build.0 = Debug|Any CPU
		{E72AF89F-09A0-4E7E-A521-84F58F593C89}.Release|Any CPU.ActiveCfg = Release|Any CPU
		{E72AF89F-09A0-4E7E-A521-84F58F593C89}.Release|Any CPU.Build.0 = Release|Any CPU
		{2FACAC73-8D16-4BE5-9056-C67B964F3FD0}.Debug|Any CPU.ActiveCfg = Debug|Any CPU
		{2FACAC73-8D16-4BE5-9056-C67B964F3FD0}.Debug|Any CPU.Build.0 = Debug|Any CPU
		{2FACAC73-8D16-4BE5-9056-C67B964F3FD0}.Release|Any CPU.ActiveCfg = Release|Any CPU
		{2FACAC73-8D16-4BE5-9056-C67B964F3FD0}.Release|Any CPU.Build.0 = Release|Any CPU
	EndGlobalSection
	GlobalSection(SolutionProperties) = preSolution
		HideSolutionNode = FALSE
	EndGlobalSection
EndGlobal
